
Microsoft Visual Studio Solution File, Format Version 12.00
# Visual Studio Version 16
VisualStudioVersion = 16.0.32106.194
MinimumVisualStudioVersion = 10.0.40219.1
Project("{FAE04EC0-301F-11D3-BF4B-00C04F79EFBC}") = "ConsoleApp1", "ConsoleApp1\ConsoleApp1.csproj", "{132D8BF2-456B-4B56-9355-702DE4DB3052}"
EndProject
Project("{FAE04EC0-301F-11D3-BF4B-00C04F79EFBC}") = "DirectLib", "DirectLib\DirectLib.csproj", "{5285B01F-C675-4B40-B784-0552724120B0}"
EndProject
Global
	GlobalSection(SolutionConfigurationPlatforms) = preSolution
		Debug|Any CPU = Debug|Any CPU
		Release|Any CPU = Release|Any CPU
	EndGlobalSection
	GlobalSection(ProjectConfigurationPlatforms) = postSolution
		{132D8BF2-456B-4B56-9355-702DE4DB3052}.Debug|Any CPU.ActiveCfg = Debug|Any CPU
		{132D8BF2-456B-4B56-9355-702DE4DB3052}.Debug|Any CPU.Build.0 = Debug|Any CPU
		{132D8BF2-456B-4B56-9355-702DE4DB3052}.Release|Any CPU.ActiveCfg = Release|Any CPU
		{132D8BF2-456B-4B56-9355-702DE4DB3052}.Release|Any CPU.Build.0 = Release|Any CPU
		{5285B01F-C675-4B40-B784-0552724120B0}.Debug|Any CPU.ActiveCfg = Debug|Any CPU
		{5285B01F-C675-4B40-B784-0552724120B0}.Debug|Any CPU.Build.0 = Debug|Any CPU
		{5285B01F-C675-4B40-B784-0552724120B0}.Release|Any CPU.ActiveCfg = Release|Any CPU
		{5285B01F-C675-4B40-B784-0552724120B0}.Release|Any CPU.Build.0 = Release|Any CPU
	EndGlobalSection
	GlobalSection(SolutionProperties) = preSolution
		HideSolutionNode = FALSE
	EndGlobalSection
	GlobalSection(ExtensibilityGlobals) = postSolution
		SolutionGuid = {DFFD0BA7-E449-4C11-ADD2-A2E500FE20E7}
	EndGlobalSection
EndGlobal
